
Microsoft Visual Studio Solution File, Format Version 12.00
# Visual Studio Version 17
VisualStudioVersion = 17.10.35013.160
MinimumVisualStudioVersion = 10.0.40219.1
Project("{8BC9CEB8-8B4A-11D0-8D11-00A0C91BC942}") = "集合素数", "集合素数\集合素数.vcxproj", "{5BAFB076-D376-4860-8D9C-6FADCC8DC0A6}"
EndProject
Global
	GlobalSection(SolutionConfigurationPlatforms) = preSolution
		Debug|x64 = Debug|x64
		Debug|x86 = Debug|x86
		Release|x64 = Release|x64
		Release|x86 = Release|x86
	EndGlobalSection
	GlobalSection(ProjectConfigurationPlatforms) = postSolution
		{5BAFB076-D376-4860-8D9C-6FADCC8DC0A6}.Debug|x64.ActiveCfg = Debug|x64
		{5BAFB076-D376-4860-8D9C-6FADCC8DC0A6}.Debug|x64.Build.0 = Debug|x64
		{5BAFB076-D376-4860-8D9C-6FADCC8DC0A6}.Debug|x86.ActiveCfg = Debug|Win32
		{5BAFB076-D376-4860-8D9C-6FADCC8DC0A6}.Debug|x86.Build.0 = Debug|Win32
		{5BAFB076-D376-4860-8D9C-6FADCC8DC0A6}.Release|x64.ActiveCfg = Release|x64
		{5BAFB076-D376-4860-8D9C-6FADCC8DC0A6}.Release|x64.Build.0 = Release|x64
		{5BAFB076-D376-4860-8D9C-6FADCC8DC0A6}.Release|x86.ActiveCfg = Release|Win32
		{5BAFB076-D376-4860-8D9C-6FADCC8DC0A6}.Release|x86.Build.0 = Release|Win32
	EndGlobalSection
	GlobalSection(SolutionProperties) = preSolution
		HideSolutionNode = FALSE
	EndGlobalSection
	GlobalSection(ExtensibilityGlobals) = postSolution
		SolutionGuid = {F57F8711-388F-40A1-961B-B716EF1E7389}
	EndGlobalSection
EndGlobal
