
Microsoft Visual Studio Solution File, Format Version 12.00
# Visual Studio Version 17
VisualStudioVersion = 17.10.35013.160
MinimumVisualStudioVersion = 10.0.40219.1
Project("{FAE04EC0-301F-11D3-BF4B-00C04F79EFBC}") = "HELLOW WORLD", "HELLOW WORLD\HELLOW WORLD.csproj", "{CC40F066-2934-4FC3-BB16-4C3962C32989}"
EndProject
Global
	GlobalSection(SolutionConfigurationPlatforms) = preSolution
		Debug|Any CPU = Debug|Any CPU
		Release|Any CPU = Release|Any CPU
	EndGlobalSection
	GlobalSection(ProjectConfigurationPlatforms) = postSolution
		{CC40F066-2934-4FC3-BB16-4C3962C32989}.Debug|Any CPU.ActiveCfg = Debug|Any CPU
		{CC40F066-2934-4FC3-BB16-4C3962C32989}.Debug|Any CPU.Build.0 = Debug|Any CPU
		{CC40F066-2934-4FC3-BB16-4C3962C32989}.Release|Any CPU.ActiveCfg = Release|Any CPU
		{CC40F066-2934-4FC3-BB16-4C3962C32989}.Release|Any CPU.Build.0 = Release|Any CPU
	EndGlobalSection
	GlobalSection(SolutionProperties) = preSolution
		HideSolutionNode = FALSE
	EndGlobalSection
	GlobalSection(ExtensibilityGlobals) = postSolution
		SolutionGuid = {3DFD0969-D2F0-44F9-A7D3-BDE04EDB642B}
	EndGlobalSection
EndGlobal
